
Microsoft Visual Studio Solution File, Format Version 12.00
# Visual Studio 15
VisualStudioVersion = 15.0.26430.15
MinimumVisualStudioVersion = 10.0.40219.1
Project("{FAE04EC0-301F-11D3-BF4B-00C04F79EFBC}") = "WiisyScreen", "WiisyScreen\WiisyScreen.csproj", "{64A877EA-E794-4B4A-B94A-6F0BBC725A82}"
EndProject
Project("{FAE04EC0-301F-11D3-BF4B-00C04F79EFBC}") = "WiimoteLib", "WiimoteLib\WiimoteLib.csproj", "{37A555DF-7012-4B99-8A47-1C922A361E52}"
EndProject
Project("{FAE04EC0-301F-11D3-BF4B-00C04F79EFBC}") = "winMacros", "winMacros\winMacros.csproj", "{8C7289CC-7E0A-4A4C-A69E-042313BA60DA}"
EndProject
Project("{FAE04EC0-301F-11D3-BF4B-00C04F79EFBC}") = "ScreenSaver", "ScreenSaver\ScreenSaver.csproj", "{BE50391A-6F9F-487E-AE5E-590006DD7213}"
EndProject
Project("{FAE04EC0-301F-11D3-BF4B-00C04F79EFBC}") = "BoardApp", "BoardApp\BoardApp.csproj", "{12261239-45A8-4199-B6E3-5689AFD5E2EB}"
EndProject
Project("{FAE04EC0-301F-11D3-BF4B-00C04F79EFBC}") = "MacrosApp", "MacrosApp\MacrosApp.csproj", "{3A9E02AB-EFD3-48E6-AA34-B8D631B737C6}"
EndProject
Global
	GlobalSection(SolutionConfigurationPlatforms) = preSolution
		Debug MSRS|Any CPU = Debug MSRS|Any CPU
		Debug MSRS|ARM = Debug MSRS|ARM
		Debug MSRS|x64 = Debug MSRS|x64
		Debug MSRS|x86 = Debug MSRS|x86
		Debug|Any CPU = Debug|Any CPU
		Debug|ARM = Debug|ARM
		Debug|x64 = Debug|x64
		Debug|x86 = Debug|x86
		MSRS Debug|Any CPU = MSRS Debug|Any CPU
		MSRS Debug|ARM = MSRS Debug|ARM
		MSRS Debug|x64 = MSRS Debug|x64
		MSRS Debug|x86 = MSRS Debug|x86
		Release MSRS|Any CPU = Release MSRS|Any CPU
		Release MSRS|ARM = Release MSRS|ARM
		Release MSRS|x64 = Release MSRS|x64
		Release MSRS|x86 = Release MSRS|x86
		Release|Any CPU = Release|Any CPU
		Release|ARM = Release|ARM
		Release|x64 = Release|x64
		Release|x86 = Release|x86
	EndGlobalSection
	GlobalSection(ProjectConfigurationPlatforms) = postSolution
		{64A877EA-E794-4B4A-B94A-6F0BBC725A82}.Debug MSRS|Any CPU.ActiveCfg = Debug|Any CPU
		{64A877EA-E794-4B4A-B94A-6F0BBC725A82}.Debug MSRS|Any CPU.Build.0 = Debug|Any CPU
		{64A877EA-E794-4B4A-B94A-6F0BBC725A82}.Debug MSRS|ARM.ActiveCfg = Debug|Any CPU
		{64A877EA-E794-4B4A-B94A-6F0BBC725A82}.Debug MSRS|ARM.Build.0 = Debug|Any CPU
		{64A877EA-E794-4B4A-B94A-6F0BBC725A82}.Debug MSRS|x64.ActiveCfg = Debug|Any CPU
		{64A877EA-E794-4B4A-B94A-6F0BBC725A82}.Debug MSRS|x64.Build.0 = Debug|Any CPU
		{64A877EA-E794-4B4A-B94A-6F0BBC725A82}.Debug MSRS|x86.ActiveCfg = Debug|Any CPU
		{64A877EA-E794-4B4A-B94A-6F0BBC725A82}.Debug|Any CPU.ActiveCfg = Debug|Any CPU
		{64A877EA-E794-4B4A-B94A-6F0BBC725A82}.Debug|Any CPU.Build.0 = Debug|Any CPU
		{64A877EA-E794-4B4A-B94A-6F0BBC725A82}.Debug|ARM.ActiveCfg = Debug|Any CPU
		{64A877EA-E794-4B4A-B94A-6F0BBC725A82}.Debug|ARM.Build.0 = Debug|Any CPU
		{64A877EA-E794-4B4A-B94A-6F0BBC725A82}.Debug|x64.ActiveCfg = Debug|Any CPU
		{64A877EA-E794-4B4A-B94A-6F0BBC725A82}.Debug|x64.Build.0 = Debug|Any CPU
		{64A877EA-E794-4B4A-B94A-6F0BBC725A82}.Debug|x86.ActiveCfg = Debug|Any CPU
		{64A877EA-E794-4B4A-B94A-6F0BBC725A82}.MSRS Debug|Any CPU.ActiveCfg = Debug|Any CPU
		{64A877EA-E794-4B4A-B94A-6F0BBC725A82}.MSRS Debug|Any CPU.Build.0 = Debug|Any CPU
		{64A877EA-E794-4B4A-B94A-6F0BBC725A82}.MSRS Debug|ARM.ActiveCfg = Debug|Any CPU
		{64A877EA-E794-4B4A-B94A-6F0BBC725A82}.MSRS Debug|ARM.Build.0 = Debug|Any CPU
		{64A877EA-E794-4B4A-B94A-6F0BBC725A82}.MSRS Debug|x64.ActiveCfg = Debug|Any CPU
		{64A877EA-E794-4B4A-B94A-6F0BBC725A82}.MSRS Debug|x64.Build.0 = Debug|Any CPU
		{64A877EA-E794-4B4A-B94A-6F0BBC725A82}.MSRS Debug|x86.ActiveCfg = Debug|Any CPU
		{64A877EA-E794-4B4A-B94A-6F0BBC725A82}.Release MSRS|Any CPU.ActiveCfg = Release|Any CPU
		{64A877EA-E794-4B4A-B94A-6F0BBC725A82}.Release MSRS|Any CPU.Build.0 = Release|Any CPU
		{64A877EA-E794-4B4A-B94A-6F0BBC725A82}.Release MSRS|ARM.ActiveCfg = Release|Any CPU
		{64A877EA-E794-4B4A-B94A-6F0BBC725A82}.Release MSRS|ARM.Build.0 = Release|Any CPU
		{64A877EA-E794-4B4A-B94A-6F0BBC725A82}.Release MSRS|x64.ActiveCfg = Release|Any CPU
		{64A877EA-E794-4B4A-B94A-6F0BBC725A82}.Release MSRS|x64.Build.0 = Release|Any CPU
		{64A877EA-E794-4B4A-B94A-6F0BBC725A82}.Release MSRS|x86.ActiveCfg = Release|Any CPU
		{64A877EA-E794-4B4A-B94A-6F0BBC725A82}.Release|Any CPU.ActiveCfg = Release|Any CPU
		{64A877EA-E794-4B4A-B94A-6F0BBC725A82}.Release|Any CPU.Build.0 = Release|Any CPU
		{64A877EA-E794-4B4A-B94A-6F0BBC725A82}.Release|ARM.ActiveCfg = Release|Any CPU
		{64A877EA-E794-4B4A-B94A-6F0BBC725A82}.Release|ARM.Build.0 = Release|Any CPU
		{64A877EA-E794-4B4A-B94A-6F0BBC725A82}.Release|x64.ActiveCfg = Release|Any CPU
		{64A877EA-E794-4B4A-B94A-6F0BBC725A82}.Release|x64.Build.0 = Release|Any CPU
		{64A877EA-E794-4B4A-B94A-6F0BBC725A82}.Release|x86.ActiveCfg = Release|Any CPU
		{37A555DF-7012-4B99-8A47-1C922A361E52}.Debug MSRS|Any CPU.ActiveCfg = Debug MSRS|Any CPU
		{37A555DF-7012-4B99-8A47-1C922A361E52}.Debug MSRS|Any CPU.Build.0 = Debug MSRS|Any CPU
		{37A555DF-7012-4B99-8A47-1C922A361E52}.Debug MSRS|ARM.ActiveCfg = Debug MSRS|Any CPU
		{37A555DF-7012-4B99-8A47-1C922A361E52}.Debug MSRS|ARM.Build.0 = Debug MSRS|Any CPU
		{37A555DF-7012-4B99-8A47-1C922A361E52}.Debug MSRS|x64.ActiveCfg = Debug MSRS|Any CPU
		{37A555DF-7012-4B99-8A47-1C922A361E52}.Debug MSRS|x64.Build.0 = Debug MSRS|Any CPU
		{37A555DF-7012-4B99-8A47-1C922A361E52}.Debug MSRS|x86.ActiveCfg = Debug MSRS|x86
		{37A555DF-7012-4B99-8A47-1C922A361E52}.Debug MSRS|x86.Build.0 = Debug MSRS|x86
		{37A555DF-7012-4B99-8A47-1C922A361E52}.Debug|Any CPU.ActiveCfg = Debug|Any CPU
		{37A555DF-7012-4B99-8A47-1C922A361E52}.Debug|Any CPU.Build.0 = Debug|Any CPU
		{37A555DF-7012-4B99-8A47-1C922A361E52}.Debug|ARM.ActiveCfg = Debug|Any CPU
		{37A555DF-7012-4B99-8A47-1C922A361E52}.Debug|ARM.Build.0 = Debug|Any CPU
		{37A555DF-7012-4B99-8A47-1C922A361E52}.Debug|x64.ActiveCfg = Debug|Any CPU
		{37A555DF-7012-4B99-8A47-1C922A361E52}.Debug|x64.Build.0 = Debug|Any CPU
		{37A555DF-7012-4B99-8A47-1C922A361E52}.Debug|x86.ActiveCfg = Debug|x86
		{37A555DF-7012-4B99-8A47-1C922A361E52}.Debug|x86.Build.0 = Debug|x86
		{37A555DF-7012-4B99-8A47-1C922A361E52}.MSRS Debug|Any CPU.ActiveCfg = MSRS Debug|Any CPU
		{37A555DF-7012-4B99-8A47-1C922A361E52}.MSRS Debug|Any CPU.Build.0 = MSRS Debug|Any CPU
		{37A555DF-7012-4B99-8A47-1C922A361E52}.MSRS Debug|ARM.ActiveCfg = MSRS Debug|Any CPU
		{37A555DF-7012-4B99-8A47-1C922A361E52}.MSRS Debug|ARM.Build.0 = MSRS Debug|Any CPU
		{37A555DF-7012-4B99-8A47-1C922A361E52}.MSRS Debug|x64.ActiveCfg = MSRS Debug|Any CPU
		{37A555DF-7012-4B99-8A47-1C922A361E52}.MSRS Debug|x64.Build.0 = MSRS Debug|Any CPU
		{37A555DF-7012-4B99-8A47-1C922A361E52}.MSRS Debug|x86.ActiveCfg = MSRS Debug|x86
		{37A555DF-7012-4B99-8A47-1C922A361E52}.MSRS Debug|x86.Build.0 = MSRS Debug|x86
		{37A555DF-7012-4B99-8A47-1C922A361E52}.Release MSRS|Any CPU.ActiveCfg = Release MSRS|Any CPU
		{37A555DF-7012-4B99-8A47-1C922A361E52}.Release MSRS|Any CPU.Build.0 = Release MSRS|Any CPU
		{37A555DF-7012-4B99-8A47-1C922A361E52}.Release MSRS|ARM.ActiveCfg = Release MSRS|Any CPU
		{37A555DF-7012-4B99-8A47-1C922A361E52}.Release MSRS|ARM.Build.0 = Release MSRS|Any CPU
		{37A555DF-7012-4B99-8A47-1C922A361E52}.Release MSRS|x64.ActiveCfg = Release MSRS|Any CPU
		{37A555DF-7012-4B99-8A47-1C922A361E52}.Release MSRS|x64.Build.0 = Release MSRS|Any CPU
		{37A555DF-7012-4B99-8A47-1C922A361E52}.Release MSRS|x86.ActiveCfg = Release MSRS|x86
		{37A555DF-7012-4B99-8A47-1C922A361E52}.Release MSRS|x86.Build.0 = Release MSRS|x86
		{37A555DF-7012-4B99-8A47-1C922A361E52}.Release|Any CPU.ActiveCfg = Release|Any CPU
		{37A555DF-7012-4B99-8A47-1C922A361E52}.Release|Any CPU.Build.0 = Release|Any CPU
		{37A555DF-7012-4B99-8A47-1C922A361E52}.Release|ARM.ActiveCfg = Release|Any CPU
		{37A555DF-7012-4B99-8A47-1C922A361E52}.Release|ARM.Build.0 = Release|Any CPU
		{37A555DF-7012-4B99-8A47-1C922A361E52}.Release|x64.ActiveCfg = Release|Any CPU
		{37A555DF-7012-4B99-8A47-1C922A361E52}.Release|x64.Build.0 = Release|Any CPU
		{37A555DF-7012-4B99-8A47-1C922A361E52}.Release|x86.ActiveCfg = Release|x86
		{37A555DF-7012-4B99-8A47-1C922A361E52}.Release|x86.Build.0 = Release|x86
		{8C7289CC-7E0A-4A4C-A69E-042313BA60DA}.Debug MSRS|Any CPU.ActiveCfg = Debug|Any CPU
		{8C7289CC-7E0A-4A4C-A69E-042313BA60DA}.Debug MSRS|Any CPU.Build.0 = Debug|Any CPU
		{8C7289CC-7E0A-4A4C-A69E-042313BA60DA}.Debug MSRS|ARM.ActiveCfg = Debug|Any CPU
		{8C7289CC-7E0A-4A4C-A69E-042313BA60DA}.Debug MSRS|ARM.Build.0 = Debug|Any CPU
		{8C7289CC-7E0A-4A4C-A69E-042313BA60DA}.Debug MSRS|x64.ActiveCfg = Debug|Any CPU
		{8C7289CC-7E0A-4A4C-A69E-042313BA60DA}.Debug MSRS|x64.Build.0 = Debug|Any CPU
		{8C7289CC-7E0A-4A4C-A69E-042313BA60DA}.Debug MSRS|x86.ActiveCfg = Debug|Any CPU
		{8C7289CC-7E0A-4A4C-A69E-042313BA60DA}.Debug|Any CPU.ActiveCfg = Debug|Any CPU
		{8C7289CC-7E0A-4A4C-A69E-042313BA60DA}.Debug|Any CPU.Build.0 = Debug|Any CPU
		{8C7289CC-7E0A-4A4C-A69E-042313BA60DA}.Debug|ARM.ActiveCfg = Debug|Any CPU
		{8C7289CC-7E0A-4A4C-A69E-042313BA60DA}.Debug|ARM.Build.0 = Debug|Any CPU
		{8C7289CC-7E0A-4A4C-A69E-042313BA60DA}.Debug|x64.ActiveCfg = Debug|Any CPU
		{8C7289CC-7E0A-4A4C-A69E-042313BA60DA}.Debug|x64.Build.0 = Debug|Any CPU
		{8C7289CC-7E0A-4A4C-A69E-042313BA60DA}.Debug|x86.ActiveCfg = Debug|Any CPU
		{8C7289CC-7E0A-4A4C-A69E-042313BA60DA}.MSRS Debug|Any CPU.ActiveCfg = Debug|Any CPU
		{8C7289CC-7E0A-4A4C-A69E-042313BA60DA}.MSRS Debug|Any CPU.Build.0 = Debug|Any CPU
		{8C7289CC-7E0A-4A4C-A69E-042313BA60DA}.MSRS Debug|ARM.ActiveCfg = Debug|Any CPU
		{8C7289CC-7E0A-4A4C-A69E-042313BA60DA}.MSRS Debug|ARM.Build.0 = Debug|Any CPU
		{8C7289CC-7E0A-4A4C-A69E-042313BA60DA}.MSRS Debug|x64.ActiveCfg = Debug|Any CPU
		{8C7289CC-7E0A-4A4C-A69E-042313BA60DA}.MSRS Debug|x64.Build.0 = Debug|Any CPU
		{8C7289CC-7E0A-4A4C-A69E-042313BA60DA}.MSRS Debug|x86.ActiveCfg = Debug|Any CPU
		{8C7289CC-7E0A-4A4C-A69E-042313BA60DA}.Release MSRS|Any CPU.ActiveCfg = Release|Any CPU
		{8C7289CC-7E0A-4A4C-A69E-042313BA60DA}.Release MSRS|Any CPU.Build.0 = Release|Any CPU
		{8C7289CC-7E0A-4A4C-A69E-042313BA60DA}.Release MSRS|ARM.ActiveCfg = Release|Any CPU
		{8C7289CC-7E0A-4A4C-A69E-042313BA60DA}.Release MSRS|ARM.Build.0 = Release|Any CPU
		{8C7289CC-7E0A-4A4C-A69E-042313BA60DA}.Release MSRS|x64.ActiveCfg = Release|Any CPU
		{8C7289CC-7E0A-4A4C-A69E-042313BA60DA}.Release MSRS|x64.Build.0 = Release|Any CPU
		{8C7289CC-7E0A-4A4C-A69E-042313BA60DA}.Release MSRS|x86.ActiveCfg = Release|Any CPU
		{8C7289CC-7E0A-4A4C-A69E-042313BA60DA}.Release|Any CPU.ActiveCfg = Release|Any CPU
		{8C7289CC-7E0A-4A4C-A69E-042313BA60DA}.Release|Any CPU.Build.0 = Release|Any CPU
		{8C7289CC-7E0A-4A4C-A69E-042313BA60DA}.Release|ARM.ActiveCfg = Release|Any CPU
		{8C7289CC-7E0A-4A4C-A69E-042313BA60DA}.Release|ARM.Build.0 = Release|Any CPU
		{8C7289CC-7E0A-4A4C-A69E-042313BA60DA}.Release|x64.ActiveCfg = Release|Any CPU
		{8C7289CC-7E0A-4A4C-A69E-042313BA60DA}.Release|x64.Build.0 = Release|Any CPU
		{8C7289CC-7E0A-4A4C-A69E-042313BA60DA}.Release|x86.ActiveCfg = Release|Any CPU
		{BE50391A-6F9F-487E-AE5E-590006DD7213}.Debug MSRS|Any CPU.ActiveCfg = Debug|Any CPU
		{BE50391A-6F9F-487E-AE5E-590006DD7213}.Debug MSRS|Any CPU.Build.0 = Debug|Any CPU
		{BE50391A-6F9F-487E-AE5E-590006DD7213}.Debug MSRS|ARM.ActiveCfg = Debug|Any CPU
		{BE50391A-6F9F-487E-AE5E-590006DD7213}.Debug MSRS|ARM.Build.0 = Debug|Any CPU
		{BE50391A-6F9F-487E-AE5E-590006DD7213}.Debug MSRS|x64.ActiveCfg = Debug|Any CPU
		{BE50391A-6F9F-487E-AE5E-590006DD7213}.Debug MSRS|x64.Build.0 = Debug|Any CPU
		{BE50391A-6F9F-487E-AE5E-590006DD7213}.Debug MSRS|x86.ActiveCfg = Debug|Any CPU
		{BE50391A-6F9F-487E-AE5E-590006DD7213}.Debug MSRS|x86.Build.0 = Debug|Any CPU
		{BE50391A-6F9F-487E-AE5E-590006DD7213}.Debug|Any CPU.ActiveCfg = Debug|Any CPU
		{BE50391A-6F9F-487E-AE5E-590006DD7213}.Debug|Any CPU.Build.0 = Debug|Any CPU
		{BE50391A-6F9F-487E-AE5E-590006DD7213}.Debug|ARM.ActiveCfg = Debug|Any CPU
		{BE50391A-6F9F-487E-AE5E-590006DD7213}.Debug|ARM.Build.0 = Debug|Any CPU
		{BE50391A-6F9F-487E-AE5E-590006DD7213}.Debug|x64.ActiveCfg = Debug|Any CPU
		{BE50391A-6F9F-487E-AE5E-590006DD7213}.Debug|x64.Build.0 = Debug|Any CPU
		{BE50391A-6F9F-487E-AE5E-590006DD7213}.Debug|x86.ActiveCfg = Debug|Any CPU
		{BE50391A-6F9F-487E-AE5E-590006DD7213}.Debug|x86.Build.0 = Debug|Any CPU
		{BE50391A-6F9F-487E-AE5E-590006DD7213}.MSRS Debug|Any CPU.ActiveCfg = Debug|Any CPU
		{BE50391A-6F9F-487E-AE5E-590006DD7213}.MSRS Debug|Any CPU.Build.0 = Debug|Any CPU
		{BE50391A-6F9F-487E-AE5E-590006DD7213}.MSRS Debug|ARM.ActiveCfg = Debug|Any CPU
		{BE50391A-6F9F-487E-AE5E-590006DD7213}.MSRS Debug|ARM.Build.0 = Debug|Any CPU
		{BE50391A-6F9F-487E-AE5E-590006DD7213}.MSRS Debug|x64.ActiveCfg = Debug|Any CPU
		{BE50391A-6F9F-487E-AE5E-590006DD7213}.MSRS Debug|x64.Build.0 = Debug|Any CPU
		{BE50391A-6F9F-487E-AE5E-590006DD7213}.MSRS Debug|x86.ActiveCfg = Debug|Any CPU
		{BE50391A-6F9F-487E-AE5E-590006DD7213}.MSRS Debug|x86.Build.0 = Debug|Any CPU
		{BE50391A-6F9F-487E-AE5E-590006DD7213}.Release MSRS|Any CPU.ActiveCfg = Release|Any CPU
		{BE50391A-6F9F-487E-AE5E-590006DD7213}.Release MSRS|Any CPU.Build.0 = Release|Any CPU
		{BE50391A-6F9F-487E-AE5E-590006DD7213}.Release MSRS|ARM.ActiveCfg = Release|Any CPU
		{BE50391A-6F9F-487E-AE5E-590006DD7213}.Release MSRS|ARM.Build.0 = Release|Any CPU
		{BE50391A-6F9F-487E-AE5E-590006DD7213}.Release MSRS|x64.ActiveCfg = Release|Any CPU
		{BE50391A-6F9F-487E-AE5E-590006DD7213}.Release MSRS|x64.Build.0 = Release|Any CPU
		{BE50391A-6F9F-487E-AE5E-590006DD7213}.Release MSRS|x86.ActiveCfg = Release|Any CPU
		{BE50391A-6F9F-487E-AE5E-590006DD7213}.Release MSRS|x86.Build.0 = Release|Any CPU
		{BE50391A-6F9F-487E-AE5E-590006DD7213}.Release|Any CPU.ActiveCfg = Release|Any CPU
		{BE50391A-6F9F-487E-AE5E-590006DD7213}.Release|Any CPU.Build.0 = Release|Any CPU
		{BE50391A-6F9F-487E-AE5E-590006DD7213}.Release|ARM.ActiveCfg = Release|Any CPU
		{BE50391A-6F9F-487E-AE5E-590006DD7213}.Release|ARM.Build.0 = Release|Any CPU
		{BE50391A-6F9F-487E-AE5E-590006DD7213}.Release|x64.ActiveCfg = Release|Any CPU
		{BE50391A-6F9F-487E-AE5E-590006DD7213}.Release|x64.Build.0 = Release|Any CPU
		{BE50391A-6F9F-487E-AE5E-590006DD7213}.Release|x86.ActiveCfg = Release|Any CPU
		{BE50391A-6F9F-487E-AE5E-590006DD7213}.Release|x86.Build.0 = Release|Any CPU
		{12261239-45A8-4199-B6E3-5689AFD5E2EB}.Debug MSRS|Any CPU.ActiveCfg = Debug|Any CPU
		{12261239-45A8-4199-B6E3-5689AFD5E2EB}.Debug MSRS|Any CPU.Build.0 = Debug|Any CPU
		{12261239-45A8-4199-B6E3-5689AFD5E2EB}.Debug MSRS|ARM.ActiveCfg = Debug|Any CPU
		{12261239-45A8-4199-B6E3-5689AFD5E2EB}.Debug MSRS|ARM.Build.0 = Debug|Any CPU
		{12261239-45A8-4199-B6E3-5689AFD5E2EB}.Debug MSRS|x64.ActiveCfg = Debug|Any CPU
		{12261239-45A8-4199-B6E3-5689AFD5E2EB}.Debug MSRS|x64.Build.0 = Debug|Any CPU
		{12261239-45A8-4199-B6E3-5689AFD5E2EB}.Debug MSRS|x86.ActiveCfg = Debug|Any CPU
		{12261239-45A8-4199-B6E3-5689AFD5E2EB}.Debug MSRS|x86.Build.0 = Debug|Any CPU
		{12261239-45A8-4199-B6E3-5689AFD5E2EB}.Debug|Any CPU.ActiveCfg = Debug|Any CPU
		{12261239-45A8-4199-B6E3-5689AFD5E2EB}.Debug|Any CPU.Build.0 = Debug|Any CPU
		{12261239-45A8-4199-B6E3-5689AFD5E2EB}.Debug|ARM.ActiveCfg = Debug|Any CPU
		{12261239-45A8-4199-B6E3-5689AFD5E2EB}.Debug|ARM.Build.0 = Debug|Any CPU
		{12261239-45A8-4199-B6E3-5689AFD5E2EB}.Debug|x64.ActiveCfg = Debug|Any CPU
		{12261239-45A8-4199-B6E3-5689AFD5E2EB}.Debug|x64.Build.0 = Debug|Any CPU
		{12261239-45A8-4199-B6E3-5689AFD5E2EB}.Debug|x86.ActiveCfg = Debug|Any CPU
		{12261239-45A8-4199-B6E3-5689AFD5E2EB}.Debug|x86.Build.0 = Debug|Any CPU
		{12261239-45A8-4199-B6E3-5689AFD5E2EB}.MSRS Debug|Any CPU.ActiveCfg = Debug|Any CPU
		{12261239-45A8-4199-B6E3-5689AFD5E2EB}.MSRS Debug|Any CPU.Build.0 = Debug|Any CPU
		{12261239-45A8-4199-B6E3-5689AFD5E2EB}.MSRS Debug|ARM.ActiveCfg = Debug|Any CPU
		{12261239-45A8-4199-B6E3-5689AFD5E2EB}.MSRS Debug|ARM.Build.0 = Debug|Any CPU
		{12261239-45A8-4199-B6E3-5689AFD5E2EB}.MSRS Debug|x64.ActiveCfg = Debug|Any CPU
		{12261239-45A8-4199-B6E3-5689AFD5E2EB}.MSRS Debug|x64.Build.0 = Debug|Any CPU
		{12261239-45A8-4199-B6E3-5689AFD5E2EB}.MSRS Debug|x86.ActiveCfg = Debug|Any CPU
		{12261239-45A8-4199-B6E3-5689AFD5E2EB}.MSRS Debug|x86.Build.0 = Debug|Any CPU
		{12261239-45A8-4199-B6E3-5689AFD5E2EB}.Release MSRS|Any CPU.ActiveCfg = Release|Any CPU
		{12261239-45A8-4199-B6E3-5689AFD5E2EB}.Release MSRS|Any CPU.Build.0 = Release|Any CPU
		{12261239-45A8-4199-B6E3-5689AFD5E2EB}.Release MSRS|ARM.ActiveCfg = Release|Any CPU
		{12261239-45A8-4199-B6E3-5689AFD5E2EB}.Release MSRS|ARM.Build.0 = Release|Any CPU
		{12261239-45A8-4199-B6E3-5689AFD5E2EB}.Release MSRS|x64.ActiveCfg = Release|Any CPU
		{12261239-45A8-4199-B6E3-5689AFD5E2EB}.Release MSRS|x64.Build.0 = Release|Any CPU
		{12261239-45A8-4199-B6E3-5689AFD5E2EB}.Release MSRS|x86.ActiveCfg = Release|Any CPU
		{12261239-45A8-4199-B6E3-5689AFD5E2EB}.Release MSRS|x86.Build.0 = Release|Any CPU
		{12261239-45A8-4199-B6E3-5689AFD5E2EB}.Release|Any CPU.ActiveCfg = Release|Any CPU
		{12261239-45A8-4199-B6E3-5689AFD5E2EB}.Release|Any CPU.Build.0 = Release|Any CPU
		{12261239-45A8-4199-B6E3-5689AFD5E2EB}.Release|ARM.ActiveCfg = Release|Any CPU
		{12261239-45A8-4199-B6E3-5689AFD5E2EB}.Release|ARM.Build.0 = Release|Any CPU
		{12261239-45A8-4199-B6E3-5689AFD5E2EB}.Release|x64.ActiveCfg = Release|Any CPU
		{12261239-45A8-4199-B6E3-5689AFD5E2EB}.Release|x64.Build.0 = Release|Any CPU
		{12261239-45A8-4199-B6E3-5689AFD5E2EB}.Release|x86.ActiveCfg = Release|Any CPU
		{12261239-45A8-4199-B6E3-5689AFD5E2EB}.Release|x86.Build.0 = Release|Any CPU
		{3A9E02AB-EFD3-48E6-AA34-B8D631B737C6}.Debug MSRS|Any CPU.ActiveCfg = Debug|Any CPU
		{3A9E02AB-EFD3-48E6-AA34-B8D631B737C6}.Debug MSRS|Any CPU.Build.0 = Debug|Any CPU
		{3A9E02AB-EFD3-48E6-AA34-B8D631B737C6}.Debug MSRS|ARM.ActiveCfg = Debug|Any CPU
		{3A9E02AB-EFD3-48E6-AA34-B8D631B737C6}.Debug MSRS|ARM.Build.0 = Debug|Any CPU
		{3A9E02AB-EFD3-48E6-AA34-B8D631B737C6}.Debug MSRS|x64.ActiveCfg = Debug|Any CPU
		{3A9E02AB-EFD3-48E6-AA34-B8D631B737C6}.Debug MSRS|x64.Build.0 = Debug|Any CPU
		{3A9E02AB-EFD3-48E6-AA34-B8D631B737C6}.Debug MSRS|x86.ActiveCfg = Debug|Any CPU
		{3A9E02AB-EFD3-48E6-AA34-B8D631B737C6}.Debug MSRS|x86.Build.0 = Debug|Any CPU
		{3A9E02AB-EFD3-48E6-AA34-B8D631B737C6}.Debug|Any CPU.ActiveCfg = Debug|Any CPU
		{3A9E02AB-EFD3-48E6-AA34-B8D631B737C6}.Debug|Any CPU.Build.0 = Debug|Any CPU
		{3A9E02AB-EFD3-48E6-AA34-B8D631B737C6}.Debug|ARM.ActiveCfg = Debug|Any CPU
		{3A9E02AB-EFD3-48E6-AA34-B8D631B737C6}.Debug|ARM.Build.0 = Debug|Any CPU
		{3A9E02AB-EFD3-48E6-AA34-B8D631B737C6}.Debug|x64.ActiveCfg = Debug|Any CPU
		{3A9E02AB-EFD3-48E6-AA34-B8D631B737C6}.Debug|x64.Build.0 = Debug|Any CPU
		{3A9E02AB-EFD3-48E6-AA34-B8D631B737C6}.Debug|x86.ActiveCfg = Debug|Any CPU
		{3A9E02AB-EFD3-48E6-AA34-B8D631B737C6}.Debug|x86.Build.0 = Debug|Any CPU
		{3A9E02AB-EFD3-48E6-AA34-B8D631B737C6}.MSRS Debug|Any CPU.ActiveCfg = Debug|Any CPU
		{3A9E02AB-EFD3-48E6-AA34-B8D631B737C6}.MSRS Debug|Any CPU.Build.0 = Debug|Any CPU
		{3A9E02AB-EFD3-48E6-AA34-B8D631B737C6}.MSRS Debug|ARM.ActiveCfg = Debug|Any CPU
		{3A9E02AB-EFD3-48E6-AA34-B8D631B737C6}.MSRS Debug|ARM.Build.0 = Debug|Any CPU
		{3A9E02AB-EFD3-48E6-AA34-B8D631B737C6}.MSRS Debug|x64.ActiveCfg = Debug|Any CPU
		{3A9E02AB-EFD3-48E6-AA34-B8D631B737C6}.MSRS Debug|x64.Build.0 = Debug|Any CPU
		{3A9E02AB-EFD3-48E6-AA34-B8D631B737C6}.MSRS Debug|x86.ActiveCfg = Debug|Any CPU
		{3A9E02AB-EFD3-48E6-AA34-B8D631B737C6}.MSRS Debug|x86.Build.0 = Debug|Any CPU
		{3A9E02AB-EFD3-48E6-AA34-B8D631B737C6}.Release MSRS|Any CPU.ActiveCfg = Release|Any CPU
		{3A9E02AB-EFD3-48E6-AA34-B8D631B737C6}.Release MSRS|Any CPU.Build.0 = Release|Any CPU
		{3A9E02AB-EFD3-48E6-AA34-B8D631B737C6}.Release MSRS|ARM.ActiveCfg = Release|Any CPU
		{3A9E02AB-EFD3-48E6-AA34-B8D631B737C6}.Release MSRS|ARM.Build.0 = Release|Any CPU
		{3A9E02AB-EFD3-48E6-AA34-B8D631B737C6}.Release MSRS|x64.ActiveCfg = Release|Any CPU
		{3A9E02AB-EFD3-48E6-AA34-B8D631B737C6}.Release MSRS|x64.Build.0 = Release|Any CPU
		{3A9E02AB-EFD3-48E6-AA34-B8D631B737C6}.Release MSRS|x86.ActiveCfg = Release|Any CPU
		{3A9E02AB-EFD3-48E6-AA34-B8D631B737C6}.Release MSRS|x86.Build.0 = Release|Any CPU
		{3A9E02AB-EFD3-48E6-AA34-B8D631B737C6}.Release|Any CPU.ActiveCfg = Release|Any CPU
		{3A9E02AB-EFD3-48E6-AA34-B8D631B737C6}.Release|Any CPU.Build.0 = Release|Any CPU
		{3A9E02AB-EFD3-48E6-AA34-B8D631B737C6}.Release|ARM.ActiveCfg = Release|Any CPU
		{3A9E02AB-EFD3-48E6-AA34-B8D631B737C6}.Release|ARM.Build.0 = Release|Any CPU
		{3A9E02AB-EFD3-48E6-AA34-B8D631B737C6}.Release|x64.ActiveCfg = Release|Any CPU
		{3A9E02AB-EFD3-48E6-AA34-B8D631B737C6}.Release|x64.Build.0 = Release|Any CPU
		{3A9E02AB-EFD3-48E6-AA34-B8D631B737C6}.Release|x86.ActiveCfg = Release|Any CPU
		{3A9E02AB-EFD3-48E6-AA34-B8D631B737C6}.Release|x86.Build.0 = Release|Any CPU
	EndGlobalSection
	GlobalSection(SolutionProperties) = preSolution
		HideSolutionNode = FALSE
	EndGlobalSection
EndGlobal
